// !$*UTF8*$!
{
	archiveVersion = 1;
	classes = {
	};
	objectVersion = 56;
	objects = {

/* Begin PBXBuildFile section */
		C1A6011D297304CF0028B7D5 /* LogInViewController.swift in Sources */ = {isa = PBXBuildFile; fileRef = C1A6011C297304CF0028B7D5 /* LogInViewController.swift */; };
		C1B99F872965FF9F007288EA /* AppDelegate.swift in Sources */ = {isa = PBXBuildFile; fileRef = C1B99F862965FF9F007288EA /* AppDelegate.swift */; };
		C1B99F892965FF9F007288EA /* SceneDelegate.swift in Sources */ = {isa = PBXBuildFile; fileRef = C1B99F882965FF9F007288EA /* SceneDelegate.swift */; };
		C1B99F8B2965FF9F007288EA /* ViewController.swift in Sources */ = {isa = PBXBuildFile; fileRef = C1B99F8A2965FF9F007288EA /* ViewController.swift */; };
		C1B99F8E2965FF9F007288EA /* Main.storyboard in Resources */ = {isa = PBXBuildFile; fileRef = C1B99F8C2965FF9F007288EA /* Main.storyboard */; };
		C1B99F902965FFA0007288EA /* Assets.xcassets in Resources */ = {isa = PBXBuildFile; fileRef = C1B99F8F2965FFA0007288EA /* Assets.xcassets */; };
		C1B99F932965FFA0007288EA /* LaunchScreen.storyboard in Resources */ = {isa = PBXBuildFile; fileRef = C1B99F912965FFA0007288EA /* LaunchScreen.storyboard */; };
		C1B99F9E2965FFA0007288EA /* ServiceFieldTests.swift in Sources */ = {isa = PBXBuildFile; fileRef = C1B99F9D2965FFA0007288EA /* ServiceFieldTests.swift */; };
		C1B99FA82965FFA0007288EA /* ServiceFieldUITests.swift in Sources */ = {isa = PBXBuildFile; fileRef = C1B99FA72965FFA0007288EA /* ServiceFieldUITests.swift */; };
		C1B99FAA2965FFA0007288EA /* ServiceFieldUITestsLaunchTests.swift in Sources */ = {isa = PBXBuildFile; fileRef = C1B99FA92965FFA0007288EA /* ServiceFieldUITestsLaunchTests.swift */; };
/* End PBXBuildFile section */

/* Begin PBXContainerItemProxy section */
		C1B99F9A2965FFA0007288EA /* PBXContainerItemProxy */ = {
			isa = PBXContainerItemProxy;
			containerPortal = C1B99F7B2965FF9F007288EA /* Project object */;
			proxyType = 1;
			remoteGlobalIDString = C1B99F822965FF9F007288EA;
			remoteInfo = ServiceField;
		};
		C1B99FA42965FFA0007288EA /* PBXContainerItemProxy */ = {
			isa = PBXContainerItemProxy;
			containerPortal = C1B99F7B2965FF9F007288EA /* Project object */;
			proxyType = 1;
			remoteGlobalIDString = C1B99F822965FF9F007288EA;
			remoteInfo = ServiceField;
		};
/* End PBXContainerItemProxy section */

/* Begin PBXFileReference section */
		C1A6011C297304CF0028B7D5 /* LogInViewController.swift */ = {isa = PBXFileReference; lastKnownFileType = sourcecode.swift; path = LogInViewController.swift; sourceTree = "<group>"; };
		C1B99F832965FF9F007288EA /* ServiceField.app */ = {isa = PBXFileReference; explicitFileType = wrapper.application; includeInIndex = 0; path = ServiceField.app; sourceTree = BUILT_PRODUCTS_DIR; };
		C1B99F862965FF9F007288EA /* AppDelegate.swift */ = {isa = PBXFileReference; lastKnownFileType = sourcecode.swift; path = AppDelegate.swift; sourceTree = "<group>"; };
		C1B99F882965FF9F007288EA /* SceneDelegate.swift */ = {isa = PBXFileReference; lastKnownFileType = sourcecode.swift; path = SceneDelegate.swift; sourceTree = "<group>"; };
		C1B99F8A2965FF9F007288EA /* ViewController.swift */ = {isa = PBXFileReference; lastKnownFileType = sourcecode.swift; path = ViewController.swift; sourceTree = "<group>"; };
		C1B99F8D2965FF9F007288EA /* Base */ = {isa = PBXFileReference; lastKnownFileType = file.storyboard; name = Base; path = Base.lproj/Main.storyboard; sourceTree = "<group>"; };
		C1B99F8F2965FFA0007288EA /* Assets.xcassets */ = {isa = PBXFileReference; lastKnownFileType = folder.assetcatalog; path = Assets.xcassets; sourceTree = "<group>"; };
		C1B99F922965FFA0007288EA /* Base */ = {isa = PBXFileReference; lastKnownFileType = file.storyboard; name = Base; path = Base.lproj/LaunchScreen.storyboard; sourceTree = "<group>"; };
		C1B99F942965FFA0007288EA /* Info.plist */ = {isa = PBXFileReference; lastKnownFileType = text.plist.xml; path = Info.plist; sourceTree = "<group>"; };
		C1B99F992965FFA0007288EA /* ServiceFieldTests.xctest */ = {isa = PBXFileReference; explicitFileType = wrapper.cfbundle; includeInIndex = 0; path = ServiceFieldTests.xctest; sourceTree = BUILT_PRODUCTS_DIR; };
		C1B99F9D2965FFA0007288EA /* ServiceFieldTests.swift */ = {isa = PBXFileReference; lastKnownFileType = sourcecode.swift; path = ServiceFieldTests.swift; sourceTree = "<group>"; };
		C1B99FA32965FFA0007288EA /* ServiceFieldUITests.xctest */ = {isa = PBXFileReference; explicitFileType = wrapper.cfbundle; includeInIndex = 0; path = ServiceFieldUITests.xctest; sourceTree = BUILT_PRODUCTS_DIR; };
		C1B99FA72965FFA0007288EA /* ServiceFieldUITests.swift */ = {isa = PBXFileReference; lastKnownFileType = sourcecode.swift; path = ServiceFieldUITests.swift; sourceTree = "<group>"; };
		C1B99FA92965FFA0007288EA /* ServiceFieldUITestsLaunchTests.swift */ = {isa = PBXFileReference; lastKnownFileType = sourcecode.swift; path = ServiceFieldUITestsLaunchTests.swift; sourceTree = "<group>"; };
/* End PBXFileReference section */

/* Begin PBXFrameworksBuildPhase section */
		C1B99F802965FF9F007288EA /* Frameworks */ = {
			isa = PBXFrameworksBuildPhase;
			buildActionMask = 2147483647;
			files = (
			);
			runOnlyForDeploymentPostprocessing = 0;
		};
		C1B99F962965FFA0007288EA /* Frameworks */ = {
			isa = PBXFrameworksBuildPhase;
			buildActionMask = 2147483647;
			files = (
			);
			runOnlyForDeploymentPostprocessing = 0;
		};
		C1B99FA02965FFA0007288EA /* Frameworks */ = {
			isa = PBXFrameworksBuildPhase;
			buildActionMask = 2147483647;
			files = (
			);
			runOnlyForDeploymentPostprocessing = 0;
		};
/* End PBXFrameworksBuildPhase section */

/* Begin PBXGroup section */
		C1B99F7A2965FF9F007288EA = {
			isa = PBXGroup;
			children = (
				C1B99F852965FF9F007288EA /* ServiceField */,
				C1B99F9C2965FFA0007288EA /* ServiceFieldTests */,
				C1B99FA62965FFA0007288EA /* ServiceFieldUITests */,
				C1B99F842965FF9F007288EA /* Products */,
			);
			sourceTree = "<group>";
		};
		C1B99F842965FF9F007288EA /* Products */ = {
			isa = PBXGroup;
			children = (
				C1B99F832965FF9F007288EA /* ServiceField.app */,
				C1B99F992965FFA0007288EA /* ServiceFieldTests.xctest */,
				C1B99FA32965FFA0007288EA /* ServiceFieldUITests.xctest */,
			);
			name = Products;
			sourceTree = "<group>";
		};
		C1B99F852965FF9F007288EA /* ServiceField */ = {
			isa = PBXGroup;
			children = (
				C1B99F862965FF9F007288EA /* AppDelegate.swift */,
				C1B99F882965FF9F007288EA /* SceneDelegate.swift */,
				C1B99F8A2965FF9F007288EA /* ViewController.swift */,
				C1A6011C297304CF0028B7D5 /* LogInViewController.swift */,
				C1B99F8C2965FF9F007288EA /* Main.storyboard */,
				C1B99F8F2965FFA0007288EA /* Assets.xcassets */,
				C1B99F912965FFA0007288EA /* LaunchScreen.storyboard */,
				C1B99F942965FFA0007288EA /* Info.plist */,
			);
			path = ServiceField;
			sourceTree = "<group>";
		};
		C1B99F9C2965FFA0007288EA /* ServiceFieldTests */ = {
			isa = PBXGroup;
			children = (
				C1B99F9D2965FFA0007288EA /* ServiceFieldTests.swift */,
			);
			path = ServiceFieldTests;
			sourceTree = "<group>";
		};
		C1B99FA62965FFA0007288EA /* ServiceFieldUITests */ = {
			isa = PBXGroup;
			children = (
				C1B99FA72965FFA0007288EA /* ServiceFieldUITests.swift */,
				C1B99FA92965FFA0007288EA /* ServiceFieldUITestsLaunchTests.swift */,
			);
			path = ServiceFieldUITests;
			sourceTree = "<group>";
		};
/* End PBXGroup section */

/* Begin PBXNativeTarget section */
		C1B99F822965FF9F007288EA /* ServiceField */ = {
			isa = PBXNativeTarget;
			buildConfigurationList = C1B99FAD2965FFA0007288EA /* Build configuration list for PBXNativeTarget "ServiceField" */;
			buildPhases = (
				C1B99F7F2965FF9F007288EA /* Sources */,
				C1B99F802965FF9F007288EA /* Frameworks */,
				C1B99F812965FF9F007288EA /* Resources */,
			);
			buildRules = (
			);
			dependencies = (
			);
			name = ServiceField;
			productName = ServiceField;
			productReference = C1B99F832965FF9F007288EA /* ServiceField.app */;
			productType = "com.apple.product-type.application";
		};
		C1B99F982965FFA0007288EA /* ServiceFieldTests */ = {
			isa = PBXNativeTarget;
			buildConfigurationList = C1B99FB02965FFA0007288EA /* Build configuration list for PBXNativeTarget "ServiceFieldTests" */;
			buildPhases = (
				C1B99F952965FFA0007288EA /* Sources */,
				C1B99F962965FFA0007288EA /* Frameworks */,
				C1B99F972965FFA0007288EA /* Resources */,
			);
			buildRules = (
			);
			dependencies = (
				C1B99F9B2965FFA0007288EA /* PBXTargetDependency */,
			);
			name = ServiceFieldTests;
			productName = ServiceFieldTests;
			productReference = C1B99F992965FFA0007288EA /* ServiceFieldTests.xctest */;
			productType = "com.apple.product-type.bundle.unit-test";
		};
		C1B99FA22965FFA0007288EA /* ServiceFieldUITests */ = {
			isa = PBXNativeTarget;
			buildConfigurationList = C1B99FB32965FFA0007288EA /* Build configuration list for PBXNativeTarget "ServiceFieldUITests" */;
			buildPhases = (
				C1B99F9F2965FFA0007288EA /* Sources */,
				C1B99FA02965FFA0007288EA /* Frameworks */,
				C1B99FA12965FFA0007288EA /* Resources */,
			);
			buildRules = (
			);
			dependencies = (
				C1B99FA52965FFA0007288EA /* PBXTargetDependency */,
			);
			name = ServiceFieldUITests;
			productName = ServiceFieldUITests;
			productReference = C1B99FA32965FFA0007288EA /* ServiceFieldUITests.xctest */;
			productType = "com.apple.product-type.bundle.ui-testing";
		};
/* End PBXNativeTarget section */

/* Begin PBXProject section */
		C1B99F7B2965FF9F007288EA /* Project object */ = {
			isa = PBXProject;
			attributes = {
				BuildIndependentTargetsInParallel = 1;
				LastSwiftUpdateCheck = 1410;
				LastUpgradeCheck = 1410;
				TargetAttributes = {
					C1B99F822965FF9F007288EA = {
						CreatedOnToolsVersion = 14.1;
					};
					C1B99F982965FFA0007288EA = {
						CreatedOnToolsVersion = 14.1;
						TestTargetID = C1B99F822965FF9F007288EA;
					};
					C1B99FA22965FFA0007288EA = {
						CreatedOnToolsVersion = 14.1;
						TestTargetID = C1B99F822965FF9F007288EA;
					};
				};
			};
			buildConfigurationList = C1B99F7E2965FF9F007288EA /* Build configuration list for PBXProject "ServiceField" */;
			compatibilityVersion = "Xcode 14.0";
			developmentRegion = en;
			hasScannedForEncodings = 0;
			knownRegions = (
				en,
				Base,
			);
			mainGroup = C1B99F7A2965FF9F007288EA;
			productRefGroup = C1B99F842965FF9F007288EA /* Products */;
			projectDirPath = "";
			projectRoot = "";
			targets = (
				C1B99F822965FF9F007288EA /* ServiceField */,
				C1B99F982965FFA0007288EA /* ServiceFieldTests */,
				C1B99FA22965FFA0007288EA /* ServiceFieldUITests */,
			);
		};
/* End PBXProject section */

/* Begin PBXResourcesBuildPhase section */
		C1B99F812965FF9F007288EA /* Resources */ = {
			isa = PBXResourcesBuildPhase;
			buildActionMask = 2147483647;
			files = (
				C1B99F932965FFA0007288EA /* LaunchScreen.storyboard in Resources */,
				C1B99F902965FFA0007288EA /* Assets.xcassets in Resources */,
				C1B99F8E2965FF9F007288EA /* Main.storyboard in Resources */,
			);
			runOnlyForDeploymentPostprocessing = 0;
		};
		C1B99F972965FFA0007288EA /* Resources */ = {
			isa = PBXResourcesBuildPhase;
			buildActionMask = 2147483647;
			files = (
			);
			runOnlyForDeploymentPostprocessing = 0;
		};
		C1B99FA12965FFA0007288EA /* Resources */ = {
			isa = PBXResourcesBuildPhase;
			buildActionMask = 2147483647;
			files = (
			);
			runOnlyForDeploymentPostprocessing = 0;
		};
/* End PBXResourcesBuildPhase section */

/* Begin PBXSourcesBuildPhase section */
		C1B99F7F2965FF9F007288EA /* Sources */ = {
			isa = PBXSourcesBuildPhase;
			buildActionMask = 2147483647;
			files = (
				C1A6011D297304CF0028B7D5 /* LogInViewController.swift in Sources */,
				C1B99F8B2965FF9F007288EA /* ViewController.swift in Sources */,
				C1B99F872965FF9F007288EA /* AppDelegate.swift in Sources */,
				C1B99F892965FF9F007288EA /* SceneDelegate.swift in Sources */,
			);
			runOnlyForDeploymentPostprocessing = 0;
		};
		C1B99F952965FFA0007288EA /* Sources */ = {
			isa = PBXSourcesBuildPhase;
			buildActionMask = 2147483647;
			files = (
				C1B99F9E2965FFA0007288EA /* ServiceFieldTests.swift in Sources */,
			);
			runOnlyForDeploymentPostprocessing = 0;
		};
		C1B99F9F2965FFA0007288EA /* Sources */ = {
			isa = PBXSourcesBuildPhase;
			buildActionMask = 2147483647;
			files = (
				C1B99FA82965FFA0007288EA /* ServiceFieldUITests.swift in Sources */,
				C1B99FAA2965FFA0007288EA /* ServiceFieldUITestsLaunchTests.swift in Sources */,
			);
			runOnlyForDeploymentPostprocessing = 0;
		};
/* End PBXSourcesBuildPhase section */

/* Begin PBXTargetDependency section */
		C1B99F9B2965FFA0007288EA /* PBXTargetDependency */ = {
			isa = PBXTargetDependency;
			target = C1B99F822965FF9F007288EA /* ServiceField */;
			targetProxy = C1B99F9A2965FFA0007288EA /* PBXContainerItemProxy */;
		};
		C1B99FA52965FFA0007288EA /* PBXTargetDependency */ = {
			isa = PBXTargetDependency;
			target = C1B99F822965FF9F007288EA /* ServiceField */;
			targetProxy = C1B99FA42965FFA0007288EA /* PBXContainerItemProxy */;
		};
/* End PBXTargetDependency section */

/* Begin PBXVariantGroup section */
		C1B99F8C2965FF9F007288EA /* Main.storyboard */ = {
			isa = PBXVariantGroup;
			children = (
				C1B99F8D2965FF9F007288EA /* Base */,
			);
			name = Main.storyboard;
			sourceTree = "<group>";
		};
		C1B99F912965FFA0007288EA /* LaunchScreen.storyboard */ = {
			isa = PBXVariantGroup;
			children = (
				C1B99F922965FFA0007288EA /* Base */,
			);
			name = LaunchScreen.storyboard;
			sourceTree = "<group>";
		};
/* End PBXVariantGroup section */

/* Begin XCBuildConfiguration section */
		C1B99FAB2965FFA0007288EA /* Debug */ = {
			isa = XCBuildConfiguration;
			buildSettings = {
				ALWAYS_SEARCH_USER_PATHS = NO;
				CLANG_ANALYZER_NONNULL = YES;
				CLANG_ANALYZER_NUMBER_OBJECT_CONVERSION = YES_AGGRESSIVE;
				CLANG_CXX_LANGUAGE_STANDARD = "gnu++20";
				CLANG_ENABLE_MODULES = YES;
				CLANG_ENABLE_OBJC_ARC = YES;
				CLANG_ENABLE_OBJC_WEAK = YES;
				CLANG_WARN_BLOCK_CAPTURE_AUTORELEASING = YES;
				CLANG_WARN_BOOL_CONVERSION = YES;
				CLANG_WARN_COMMA = YES;
				CLANG_WARN_CONSTANT_CONVERSION = YES;
				CLANG_WARN_DEPRECATED_OBJC_IMPLEMENTATIONS = YES;
				CLANG_WARN_DIRECT_OBJC_ISA_USAGE = YES_ERROR;
				CLANG_WARN_DOCUMENTATION_COMMENTS = YES;
				CLANG_WARN_EMPTY_BODY = YES;
				CLANG_WARN_ENUM_CONVERSION = YES;
				CLANG_WARN_INFINITE_RECURSION = YES;
				CLANG_WARN_INT_CONVERSION = YES;
				CLANG_WARN_NON_LITERAL_NULL_CONVERSION = YES;
				CLANG_WARN_OBJC_IMPLICIT_RETAIN_SELF = YES;
				CLANG_WARN_OBJC_LITERAL_CONVERSION = YES;
				CLANG_WARN_OBJC_ROOT_CLASS = YES_ERROR;
				CLANG_WARN_QUOTED_INCLUDE_IN_FRAMEWORK_HEADER = YES;
				CLANG_WARN_RANGE_LOOP_ANALYSIS = YES;
				CLANG_WARN_STRICT_PROTOTYPES = YES;
				CLANG_WARN_SUSPICIOUS_MOVE = YES;
				CLANG_WARN_UNGUARDED_AVAILABILITY = YES_AGGRESSIVE;
				CLANG_WARN_UNREACHABLE_CODE = YES;
				CLANG_WARN__DUPLICATE_METHOD_MATCH = YES;
				COPY_PHASE_STRIP = NO;
				DEBUG_INFORMATION_FORMAT = dwarf;
				ENABLE_STRICT_OBJC_MSGSEND = YES;
				ENABLE_TESTABILITY = YES;
				GCC_C_LANGUAGE_STANDARD = gnu11;
				GCC_DYNAMIC_NO_PIC = NO;
				GCC_NO_COMMON_BLOCKS = YES;
				GCC_OPTIMIZATION_LEVEL = 0;
				GCC_PREPROCESSOR_DEFINITIONS = (
					"DEBUG=1",
					"$(inherited)",
				);
				GCC_WARN_64_TO_32_BIT_CONVERSION = YES;
				GCC_WARN_ABOUT_RETURN_TYPE = YES_ERROR;
				GCC_WARN_UNDECLARED_SELECTOR = YES;
				GCC_WARN_UNINITIALIZED_AUTOS = YES_AGGRESSIVE;
				GCC_WARN_UNUSED_FUNCTION = YES;
				GCC_WARN_UNUSED_VARIABLE = YES;
				IPHONEOS_DEPLOYMENT_TARGET = 16.1;
				MTL_ENABLE_DEBUG_INFO = INCLUDE_SOURCE;
				MTL_FAST_MATH = YES;
				ONLY_ACTIVE_ARCH = YES;
				SDKROOT = iphoneos;
				SWIFT_ACTIVE_COMPILATION_CONDITIONS = DEBUG;
				SWIFT_OPTIMIZATION_LEVEL = "-Onone";
			};
			name = Debug;
		};
		C1B99FAC2965FFA0007288EA /* Release */ = {
			isa = XCBuildConfiguration;
			buildSettings = {
				ALWAYS_SEARCH_USER_PATHS = NO;
				CLANG_ANALYZER_NONNULL = YES;
				CLANG_ANALYZER_NUMBER_OBJECT_CONVERSION = YES_AGGRESSIVE;
				CLANG_CXX_LANGUAGE_STANDARD = "gnu++20";
				CLANG_ENABLE_MODULES = YES;
				CLANG_ENABLE_OBJC_ARC = YES;
				CLANG_ENABLE_OBJC_WEAK = YES;
				CLANG_WARN_BLOCK_CAPTURE_AUTORELEASING = YES;
				CLANG_WARN_BOOL_CONVERSION = YES;
				CLANG_WARN_COMMA = YES;
				CLANG_WARN_CONSTANT_CONVERSION = YES;
				CLANG_WARN_DEPRECATED_OBJC_IMPLEMENTATIONS = YES;
				CLANG_WARN_DIRECT_OBJC_ISA_USAGE = YES_ERROR;
				CLANG_WARN_DOCUMENTATION_COMMENTS = YES;
				CLANG_WARN_EMPTY_BODY = YES;
				CLANG_WARN_ENUM_CONVERSION = YES;
				CLANG_WARN_INFINITE_RECURSION = YES;
				CLANG_WARN_INT_CONVERSION = YES;
				CLANG_WARN_NON_LITERAL_NULL_CONVERSION = YES;
				CLANG_WARN_OBJC_IMPLICIT_RETAIN_SELF = YES;
				CLANG_WARN_OBJC_LITERAL_CONVERSION = YES;
				CLANG_WARN_OBJC_ROOT_CLASS = YES_ERROR;
				CLANG_WARN_QUOTED_INCLUDE_IN_FRAMEWORK_HEADER = YES;
				CLANG_WARN_RANGE_LOOP_ANALYSIS = YES;
				CLANG_WARN_STRICT_PROTOTYPES = YES;
				CLANG_WARN_SUSPICIOUS_MOVE = YES;
				CLANG_WARN_UNGUARDED_AVAILABILITY = YES_AGGRESSIVE;
				CLANG_WARN_UNREACHABLE_CODE = YES;
				CLANG_WARN__DUPLICATE_METHOD_MATCH = YES;
				COPY_PHASE_STRIP = NO;
				DEBUG_INFORMATION_FORMAT = "dwarf-with-dsym";
				ENABLE_NS_ASSERTIONS = NO;
				ENABLE_STRICT_OBJC_MSGSEND = YES;
				GCC_C_LANGUAGE_STANDARD = gnu11;
				GCC_NO_COMMON_BLOCKS = YES;
				GCC_WARN_64_TO_32_BIT_CONVERSION = YES;
				GCC_WARN_ABOUT_RETURN_TYPE = YES_ERROR;
				GCC_WARN_UNDECLARED_SELECTOR = YES;
				GCC_WARN_UNINITIALIZED_AUTOS = YES_AGGRESSIVE;
				GCC_WARN_UNUSED_FUNCTION = YES;
				GCC_WARN_UNUSED_VARIABLE = YES;
				IPHONEOS_DEPLOYMENT_TARGET = 16.1;
				MTL_ENABLE_DEBUG_INFO = NO;
				MTL_FAST_MATH = YES;
				SDKROOT = iphoneos;
				SWIFT_COMPILATION_MODE = wholemodule;
				SWIFT_OPTIMIZATION_LEVEL = "-O";
				VALIDATE_PRODUCT = YES;
			};
			name = Release;
		};
		C1B99FAE2965FFA0007288EA /* Debug */ = {
			isa = XCBuildConfiguration;
			buildSettings = {
				ASSETCATALOG_COMPILER_APPICON_NAME = AppIcon;
				ASSETCATALOG_COMPILER_GLOBAL_ACCENT_COLOR_NAME = AccentColor;
				CODE_SIGN_STYLE = Automatic;
				CURRENT_PROJECT_VERSION = 1;
				GENERATE_INFOPLIST_FILE = YES;
				INFOPLIST_FILE = ServiceField/Info.plist;
				INFOPLIST_KEY_UIApplicationSupportsIndirectInputEvents = YES;
				INFOPLIST_KEY_UILaunchStoryboardName = LaunchScreen;
				INFOPLIST_KEY_UIMainStoryboardFile = Main;
				INFOPLIST_KEY_UISupportedInterfaceOrientations_iPad = "UIInterfaceOrientationPortrait UIInterfaceOrientationPortraitUpsideDown UIInterfaceOrientationLandscapeLeft UIInterfaceOrientationLandscapeRight";
				INFOPLIST_KEY_UISupportedInterfaceOrientations_iPhone = "UIInterfaceOrientationPortrait UIInterfaceOrientationLandscapeLeft UIInterfaceOrientationLandscapeRight";
				LD_RUNPATH_SEARCH_PATHS = (
					"$(inherited)",
					"@executable_path/Frameworks",
				);
				MARKETING_VERSION = 1.0;
				PRODUCT_BUNDLE_IDENTIFIER = "Salinas-Mike.ServiceField";
				PRODUCT_NAME = "$(TARGET_NAME)";
				SWIFT_EMIT_LOC_STRINGS = YES;
				SWIFT_VERSION = 5.0;
				TARGETED_DEVICE_FAMILY = "1,2";
			};
			name = Debug;
		};
		C1B99FAF2965FFA0007288EA /* Release */ = {
			isa = XCBuildConfiguration;
			buildSettings = {
				ASSETCATALOG_COMPILER_APPICON_NAME = AppIcon;
				ASSETCATALOG_COMPILER_GLOBAL_ACCENT_COLOR_NAME = AccentColor;
				CODE_SIGN_STYLE = Automatic;
				CURRENT_PROJECT_VERSION = 1;
				GENERATE_INFOPLIST_FILE = YES;
				INFOPLIST_FILE = ServiceField/Info.plist;
				INFOPLIST_KEY_UIApplicationSupportsIndirectInputEvents = YES;
				INFOPLIST_KEY_UILaunchStoryboardName = LaunchScreen;
				INFOPLIST_KEY_UIMainStoryboardFile = Main;
				INFOPLIST_KEY_UISupportedInterfaceOrientations_iPad = "UIInterfaceOrientationPortrait UIInterfaceOrientationPortraitUpsideDown UIInterfaceOrientationLandscapeLeft UIInterfaceOrientationLandscapeRight";
				INFOPLIST_KEY_UISupportedInterfaceOrientations_iPhone = "UIInterfaceOrientationPortrait UIInterfaceOrientationLandscapeLeft UIInterfaceOrientationLandscapeRight";
				LD_RUNPATH_SEARCH_PATHS = (
					"$(inherited)",
					"@executable_path/Frameworks",
				);
				MARKETING_VERSION = 1.0;
				PRODUCT_BUNDLE_IDENTIFIER = "Salinas-Mike.ServiceField";
				PRODUCT_NAME = "$(TARGET_NAME)";
				SWIFT_EMIT_LOC_STRINGS = YES;
				SWIFT_VERSION = 5.0;
				TARGETED_DEVICE_FAMILY = "1,2";
			};
			name = Release;
		};
		C1B99FB12965FFA0007288EA /* Debug */ = {
			isa = XCBuildConfiguration;
			buildSettings = {
				ALWAYS_EMBED_SWIFT_STANDARD_LIBRARIES = YES;
				BUNDLE_LOADER = "$(TEST_HOST)";
				CODE_SIGN_STYLE = Automatic;
				CURRENT_PROJECT_VERSION = 1;
				GENERATE_INFOPLIST_FILE = YES;
				IPHONEOS_DEPLOYMENT_TARGET = 16.1;
				MARKETING_VERSION = 1.0;
				PRODUCT_BUNDLE_IDENTIFIER = "Salinas-Mike.ServiceFieldTests";
				PRODUCT_NAME = "$(TARGET_NAME)";
				SWIFT_EMIT_LOC_STRINGS = NO;
				SWIFT_VERSION = 5.0;
				TARGETED_DEVICE_FAMILY = "1,2";
				TEST_HOST = "$(BUILT_PRODUCTS_DIR)/ServiceField.app/$(BUNDLE_EXECUTABLE_FOLDER_PATH)/ServiceField";
			};
			name = Debug;
		};
		C1B99FB22965FFA0007288EA /* Release */ = {
			isa = XCBuildConfiguration;
			buildSettings = {
				ALWAYS_EMBED_SWIFT_STANDARD_LIBRARIES = YES;
				BUNDLE_LOADER = "$(TEST_HOST)";
				CODE_SIGN_STYLE = Automatic;
				CURRENT_PROJECT_VERSION = 1;
				GENERATE_INFOPLIST_FILE = YES;
				IPHONEOS_DEPLOYMENT_TARGET = 16.1;
				MARKETING_VERSION = 1.0;
				PRODUCT_BUNDLE_IDENTIFIER = "Salinas-Mike.ServiceFieldTests";
				PRODUCT_NAME = "$(TARGET_NAME)";
				SWIFT_EMIT_LOC_STRINGS = NO;
				SWIFT_VERSION = 5.0;
				TARGETED_DEVICE_FAMILY = "1,2";
				TEST_HOST = "$(BUILT_PRODUCTS_DIR)/ServiceField.app/$(BUNDLE_EXECUTABLE_FOLDER_PATH)/ServiceField";
			};
			name = Release;
		};
		C1B99FB42965FFA0007288EA /* Debug */ = {
			isa = XCBuildConfiguration;
			buildSettings = {
				ALWAYS_EMBED_SWIFT_STANDARD_LIBRARIES = YES;
				CODE_SIGN_STYLE = Automatic;
				CURRENT_PROJECT_VERSION = 1;
				GENERATE_INFOPLIST_FILE = YES;
				MARKETING_VERSION = 1.0;
				PRODUCT_BUNDLE_IDENTIFIER = "Salinas-Mike.ServiceFieldUITests";
				PRODUCT_NAME = "$(TARGET_NAME)";
				SWIFT_EMIT_LOC_STRINGS = NO;
				SWIFT_VERSION = 5.0;
				TARGETED_DEVICE_FAMILY = "1,2";
				TEST_TARGET_NAME = ServiceField;
			};
			name = Debug;
		};
		C1B99FB52965FFA0007288EA /* Release */ = {
			isa = XCBuildConfiguration;
			buildSettings = {
				ALWAYS_EMBED_SWIFT_STANDARD_LIBRARIES = YES;
				CODE_SIGN_STYLE = Automatic;
				CURRENT_PROJECT_VERSION = 1;
				GENERATE_INFOPLIST_FILE = YES;
				MARKETING_VERSION = 1.0;
				PRODUCT_BUNDLE_IDENTIFIER = "Salinas-Mike.ServiceFieldUITests";
				PRODUCT_NAME = "$(TARGET_NAME)";
				SWIFT_EMIT_LOC_STRINGS = NO;
				SWIFT_VERSION = 5.0;
				TARGETED_DEVICE_FAMILY = "1,2";
				TEST_TARGET_NAME = ServiceField;
			};
			name = Release;
		};
/* End XCBuildConfiguration section */

/* Begin XCConfigurationList section */
		C1B99F7E2965FF9F007288EA /* Build configuration list for PBXProject "ServiceField" */ = {
			isa = XCConfigurationList;
			buildConfigurations = (
				C1B99FAB2965FFA0007288EA /* Debug */,
				C1B99FAC2965FFA0007288EA /* Release */,
			);
			defaultConfigurationIsVisible = 0;
			defaultConfigurationName = Release;
		};
		C1B99FAD2965FFA0007288EA /* Build configuration list for PBXNativeTarget "ServiceField" */ = {
			isa = XCConfigurationList;
			buildConfigurations = (
				C1B99FAE2965FFA0007288EA /* Debug */,
				C1B99FAF2965FFA0007288EA /* Release */,
			);
			defaultConfigurationIsVisible = 0;
			defaultConfigurationName = Release;
		};
		C1B99FB02965FFA0007288EA /* Build configuration list for PBXNativeTarget "ServiceFieldTests" */ = {
			isa = XCConfigurationList;
			buildConfigurations = (
				C1B99FB12965FFA0007288EA /* Debug */,
				C1B99FB22965FFA0007288EA /* Release */,
			);
			defaultConfigurationIsVisible = 0;
			defaultConfigurationName = Release;
		};
		C1B99FB32965FFA0007288EA /* Build configuration list for PBXNativeTarget "ServiceFieldUITests" */ = {
			isa = XCConfigurationList;
			buildConfigurations = (
				C1B99FB42965FFA0007288EA /* Debug */,
				C1B99FB52965FFA0007288EA /* Release */,
			);
			defaultConfigurationIsVisible = 0;
			defaultConfigurationName = Release;
		};
/* End XCConfigurationList section */
	};
	rootObject = C1B99F7B2965FF9F007288EA /* Project object */;
}
